
Microsoft Visual Studio Solution File, Format Version 12.00
# Visual Studio Version 17
VisualStudioVersion = 17.14.36414.22 d17.14
MinimumVisualStudioVersion = 10.0.40219.1
Project("{FAE04EC0-301F-11D3-BF4B-00C04F79EFBC}") = "Hackathon_TestCaseGenerator", "Hackathon_TestCaseGenerator\Hackathon_TestCaseGenerator.csproj", "{96E07BFD-67B9-4708-A55A-6B9DDB3D3C8A}"
EndProject
Global
	GlobalSection(SolutionConfigurationPlatforms) = preSolution
		Debug|Any CPU = Debug|Any CPU
		Release|Any CPU = Release|Any CPU
	EndGlobalSection
	GlobalSection(ProjectConfigurationPlatforms) = postSolution
		{96E07BFD-67B9-4708-A55A-6B9DDB3D3C8A}.Debug|Any CPU.ActiveCfg = Debug|Any CPU
		{96E07BFD-67B9-4708-A55A-6B9DDB3D3C8A}.Debug|Any CPU.Build.0 = Debug|Any CPU
		{96E07BFD-67B9-4708-A55A-6B9DDB3D3C8A}.Release|Any CPU.ActiveCfg = Release|Any CPU
		{96E07BFD-67B9-4708-A55A-6B9DDB3D3C8A}.Release|Any CPU.Build.0 = Release|Any CPU
	EndGlobalSection
	GlobalSection(SolutionProperties) = preSolution
		HideSolutionNode = FALSE
	EndGlobalSection
	GlobalSection(ExtensibilityGlobals) = postSolution
		SolutionGuid = {819F89F4-DD46-48E0-8146-D70EF0C536DA}
	EndGlobalSection
EndGlobal
